{
  "name": "emotional_alert",
  "version": "2.0.4",
  "lockfileVersion": 1,
  "requires": true,
  "dependencies": {
    "classificator": {
      "version": "0.3.3",
      "resolved": "https://registry.npmjs.org/classificator/-/classificator-0.3.3.tgz",
      "integrity": "sha512-IXJYTuoxUdKENDjYZ9PqMr4lrwI6cp4JX4Og7XKkNwgvvogrroP97POpK2zvs3spm4Fg3TY0kcy4sKtBFSyb4g==",
      "requires": {
        "decimal.js": "^10.0.0"
      }
    },
    "decimal.js": {
      "version": "10.2.0",
      "resolved": "https://registry.npmjs.org/decimal.js/-/decimal.js-10.2.0.tgz",
      "integrity": "sha512-vDPw+rDgn3bZe1+F/pyEwb1oMG2XTlRVgAa6B4KccTEpYgF8w6eQllVbQcfIJnZyvzFtFpxnpGtx8dd7DJp/Rw=="
    },
    "emoji-aware": {
      "version": "3.0.5",
      "resolved": "https://registry.npmjs.org/emoji-aware/-/emoji-aware-3.0.5.tgz",
      "integrity": "sha512-kE19dcWho06IWEupXUIupUDsyU+aO52Aeju+EWwu2si8gfGpIYoWgWdxLmqwr/35wKdC0xT2Es05zy82IOkU4w==",
      "requires": {
        "lodash.flattendeep": "^4.4.0",
        "parsimmon": "^1.13.0"
      }
    },
    "emoji-extract-sentiment": {
      "version": "1.0.1",
      "resolved": "https://registry.npmjs.org/emoji-extract-sentiment/-/emoji-extract-sentiment-1.0.1.tgz",
      "integrity": "sha512-F1vXwHQmzPaMEMmETzg0rzQ2yjXLXQfQXdCp5JYwmgiFl8OniQ0Fo6+PdSfGZR9whW+xYF1m0LkRi9Ke6QVXbg==",
      "requires": {
        "emoji-aware": "^3.0.4",
        "emoji-regex": "^7.0.3",
        "emoji-unicode": "^1.0.10",
        "node-emoji": "^1.10.0"
      }
    },
    "emoji-regex": {
      "version": "7.0.3",
      "resolved": "https://registry.npmjs.org/emoji-regex/-/emoji-regex-7.0.3.tgz",
      "integrity": "sha512-CwBLREIQ7LvYFB0WyRvwhq5N5qPhc6PMjD6bYggFlI5YyDgl+0vxq5VHbMOFqLg7hfWzmu8T5Z1QofhmTIhItA=="
    },
    "emoji-unicode": {
      "version": "1.1.0",
      "resolved": "https://registry.npmjs.org/emoji-unicode/-/emoji-unicode-1.1.0.tgz",
      "integrity": "sha512-XF3hkn8EnE09dQuNPcFJ7s8iCAwlXRpgi9HIDXYZOi+m7y1UWEYGsYTLWFE6mi0q2US72/D4nTwJa2Zd4pBjYQ=="
    },
    "escape-string-regexp": {
      "version": "1.0.5",
      "resolved": "https://registry.npmjs.org/escape-string-regexp/-/escape-string-regexp-1.0.5.tgz",
      "integrity": "sha1-G2HAViGQqN/2rjuyzwIAyhMLhtQ="
    },
    "lodash.flattendeep": {
      "version": "4.4.0",
      "resolved": "https://registry.npmjs.org/lodash.flattendeep/-/lodash.flattendeep-4.4.0.tgz",
      "integrity": "sha1-+wMJF/hqMTTlvJvsDWngAT3f7bI="
    },
    "lodash.toarray": {
      "version": "4.4.0",
      "resolved": "https://registry.npmjs.org/lodash.toarray/-/lodash.toarray-4.4.0.tgz",
      "integrity": "sha1-JMS/zWsvuji/0FlNsRedjptlZWE="
    },
    "node-emoji": {
      "version": "1.10.0",
      "resolved": "https://registry.npmjs.org/node-emoji/-/node-emoji-1.10.0.tgz",
      "integrity": "sha512-Yt3384If5H6BYGVHiHwTL+99OzJKHhgp82S8/dktEK73T26BazdgZ4JZh92xSVtGNJvz9UbXdNAc5hcrXV42vw==",
      "requires": {
        "lodash.toarray": "^4.4.0"
      }
    },
    "parsimmon": {
      "version": "1.13.0",
      "resolved": "https://registry.npmjs.org/parsimmon/-/parsimmon-1.13.0.tgz",
      "integrity": "sha512-5UIrOCW+gjbILkjKPgTgmq8LKf8TT3Iy7kN2VD7OtQ81facKn8B4gG1X94jWqXYZsxG2KbJhrv/Yq/5H6BQn7A=="
    },
    "simplify-language": {
      "version": "1.0.1",
      "resolved": "https://registry.npmjs.org/simplify-language/-/simplify-language-1.0.1.tgz",
      "integrity": "sha512-BPdsEbcNw/C9+s/XFV/6mAK47JnfHk3xfdWtFJpS7dNJkreuaWhDIoslcX6Oqddu30saBp8Fcjlz3kV2K4OovA==",
      "requires": {
        "stopword": "^0.3.3"
      }
    },
    "stopword": {
      "version": "0.3.3",
      "resolved": "https://registry.npmjs.org/stopword/-/stopword-0.3.3.tgz",
      "integrity": "sha512-ZhAwWE+A886IS4c0j82z5BrK7MBiE7VDUCmBLBViGPpaLp+r++zI8atlYcgK1I65hCjsZUA9GixT/w+isG3z2A=="
    }
  }
}
